
Microsoft Visual Studio Solution File, Format Version 12.00
# Visual Studio Version 16
VisualStudioVersion = 16.0.30717.126
MinimumVisualStudioVersion = 10.0.40219.1
Project("{FAE04EC0-301F-11D3-BF4B-00C04F79EFBC}") = "Notes", "Notes\Notes.csproj", "{3F1E5475-9C61-4F54-8A96-4C51F999D219}"
EndProject
Project("{FAE04EC0-301F-11D3-BF4B-00C04F79EFBC}") = "Employees", "Employees\Employees.csproj", "{68BBE0FC-825B-46E6-9679-36D4208D6572}"
EndProject
Global
	GlobalSection(SolutionConfigurationPlatforms) = preSolution
		Debug|Any CPU = Debug|Any CPU
		Release|Any CPU = Release|Any CPU
	EndGlobalSection
	GlobalSection(ProjectConfigurationPlatforms) = postSolution
		{3F1E5475-9C61-4F54-8A96-4C51F999D219}.Debug|Any CPU.ActiveCfg = Debug|Any CPU
		{3F1E5475-9C61-4F54-8A96-4C51F999D219}.Debug|Any CPU.Build.0 = Debug|Any CPU
		{3F1E5475-9C61-4F54-8A96-4C51F999D219}.Release|Any CPU.ActiveCfg = Release|Any CPU
		{3F1E5475-9C61-4F54-8A96-4C51F999D219}.Release|Any CPU.Build.0 = Release|Any CPU
		{68BBE0FC-825B-46E6-9679-36D4208D6572}.Debug|Any CPU.ActiveCfg = Debug|Any CPU
		{68BBE0FC-825B-46E6-9679-36D4208D6572}.Debug|Any CPU.Build.0 = Debug|Any CPU
		{68BBE0FC-825B-46E6-9679-36D4208D6572}.Release|Any CPU.ActiveCfg = Release|Any CPU
		{68BBE0FC-825B-46E6-9679-36D4208D6572}.Release|Any CPU.Build.0 = Release|Any CPU
	EndGlobalSection
	GlobalSection(SolutionProperties) = preSolution
		HideSolutionNode = FALSE
	EndGlobalSection
	GlobalSection(ExtensibilityGlobals) = postSolution
		SolutionGuid = {623507D2-22BA-4F48-81D1-C35F363B7D54}
	EndGlobalSection
EndGlobal
